<?xml version="1.0" encoding="utf-8"?>
<Project ToolsVersion="4.0" xmlns="http://schemas.microsoft.com/developer/msbuild/2003">
  <ItemGroup>
    <Filter Include="services">
      <UniqueIdentifier>{0b1743e0-5e46-4c96-8391-a49d8c0ec14a}</UniqueIdentifier>
    </Filter>
    <Filter Include="classifiers">
      <UniqueIdentifier>{5170e952-27c1-43ca-abc0-e97a09e24658}</UniqueIdentifier>
    </Filter>
  </ItemGroup>
  <ItemGroup>
    <ClCompile Include="..\..\pcl\services\PCLService.cpp">
      <Filter>services</Filter>
    </ClCompile>
    <ClCompile Include="..\..\pcl\classifiers\ObjectClassifier.cpp">
      <Filter>classifiers</Filter>
    </ClCompile>
  </ItemGroup>
  <ItemGroup>
    <ClInclude Include="..\..\pcl\services\PCLService.h">
      <Filter>services</Filter>
    </ClInclude>
    <ClInclude Include="..\..\pcl\classifiers\ObjectClassifier.h">
      <Filter>classifiers</Filter>
    </ClInclude>
  </ItemGroup>
</Project>