<?xml version="1.0" encoding="utf-8"?>
<Project ToolsVersion="4.0" xmlns="http://schemas.microsoft.com/developer/msbuild/2003">
  <ItemGroup>
    <Filter Include="sensors">
      <UniqueIdentifier>{c77ba45f-191a-4efb-8549-76ad41fc1c72}</UniqueIdentifier>
    </Filter>
  </ItemGroup>
  <ItemGroup>
    <ClInclude Include="..\..\kinect\KinectDepthCamera.h">
      <Filter>sensors</Filter>
    </ClInclude>
    <ClInclude Include="..\..\kinect\KinectCamera.h">
      <Filter>sensors</Filter>
    </ClInclude>
  </ItemGroup>
  <ItemGroup>
    <ClCompile Include="..\..\kinect\KinectDepthCamera.cpp">
      <Filter>sensors</Filter>
    </ClCompile>
    <ClCompile Include="..\..\kinect\KinectCamera.cpp">
      <Filter>sensors</Filter>
    </ClCompile>
  </ItemGroup>
  <ItemGroup>
    <None Include="packages.config" />
  </ItemGroup>
</Project>